// !$*UTF8*$!
{
	archiveVersion = 1;
	classes = {
	};
	objectVersion = 77;
	objects = {

/* Begin PBXBuildFile section */
		033A119E141BDEA4D5F15D79 /* family_recipesUITestsLaunchTests.swift in Sources */ = {isa = PBXBuildFile; fileRef = E401BA4338B246B714C6E3D2 /* family_recipesUITestsLaunchTests.swift */; };
		0FF00F4B4062C1C6BA311784 /* LaunchScreen.storyboard in Resources */ = {isa = PBXBuildFile; fileRef = 8F2276FF43C40C91075464A6 /* LaunchScreen.storyboard */; };
		265C62CDEF9D71C651B7D2BE /* family_recipesApp.swift in Sources */ = {isa = PBXBuildFile; fileRef = 81F9AFCD1E320E18EE73D5C6 /* family_recipesApp.swift */; };
		2F81C59B9AAE92775E97A1E2 /* RecipeService.swift in Sources */ = {isa = PBXBuildFile; fileRef = 154735A329C6C2CF82653D80 /* RecipeService.swift */; };
		3C41DAB282580A97F75DA179 /* Assets.xcassets in Resources */ = {isa = PBXBuildFile; fileRef = 6C096CCDDEDC688D8E0C8A8C /* Assets.xcassets */; };
		422575907055AAB210D70A6B /* RecipeUtils.swift in Sources */ = {isa = PBXBuildFile; fileRef = FBA76A33619ED4DD4028AFCD /* RecipeUtils.swift */; };
		4A52DA58C8D92AF9D66FEEE4 /* MobileAPI.swift in Sources */ = {isa = PBXBuildFile; fileRef = 3FD9CD3524370D5289AB223C /* MobileAPI.swift */; };
		4B8B89CA37BE6A790C44F253 /* family_recipesUITests.swift in Sources */ = {isa = PBXBuildFile; fileRef = 93494A46A96BC7B02232D23A /* family_recipesUITests.swift */; };
		51E85DDB6AA4015B26B304D9 /* RecipeDetailView.swift in Sources */ = {isa = PBXBuildFile; fileRef = B992DFA04EF9CDA6350E9A7B /* RecipeDetailView.swift */; };
		6BB1DD27DD8B8921487FC21E /* YouTubeEmbedView.swift in Sources */ = {isa = PBXBuildFile; fileRef = B07769AB4ACACE29334196DB /* YouTubeEmbedView.swift */; };
		734A866A42EA9042FB232C66 /* Recipe.swift in Sources */ = {isa = PBXBuildFile; fileRef = B6FFF6926E18370C75AC2EE7 /* Recipe.swift */; };
		776CFA7E36F767739972EB17 /* RecipeService+Sync.swift in Sources */ = {isa = PBXBuildFile; fileRef = BB51EC2DCBDF0D2391B0BEFC /* RecipeService+Sync.swift */; };
		78E08EF002BBEC4CD6D021D6 /* Preview Assets.xcassets in Resources */ = {isa = PBXBuildFile; fileRef = 86B26107F09B59CEB86202D3 /* Preview Assets.xcassets */; };
		989B5ECF2C1BF9855CD112AB /* family_recipesTests.swift in Sources */ = {isa = PBXBuildFile; fileRef = 2C7C0B30CE9747AC9480C487 /* family_recipesTests.swift */; };
		A9872591A42D89E17DDA0ED8 /* Item.swift in Sources */ = {isa = PBXBuildFile; fileRef = 5926C1DE1D95E191ED05BBA2 /* Item.swift */; };
		C2DFF9864AE177EC4AE87137 /* CameraService.swift in Sources */ = {isa = PBXBuildFile; fileRef = 52B00E4CADA52D63F39E2BAA /* CameraService.swift */; };
		C662362A4BAF9E28652524B8 /* ContentView.swift in Sources */ = {isa = PBXBuildFile; fileRef = 04DFF6D2E04DD264FDDEDB9C /* ContentView.swift */; };
		EE7D24D0E5A7D4DD8868E4A2 /* RecipeListView.swift in Sources */ = {isa = PBXBuildFile; fileRef = 3CD0B670F887A0E02F65B051 /* RecipeListView.swift */; };
/* End PBXBuildFile section */

/* Begin PBXContainerItemProxy section */
		76E887A0879EBEAEC4B716B2 /* PBXContainerItemProxy */ = {
			isa = PBXContainerItemProxy;
			containerPortal = F605DE406A0963431BD85FAD /* Project object */;
			proxyType = 1;
			remoteGlobalIDString = A97EAB921B5F0B7A9C962234;
			remoteInfo = "family-recipes";
		};
		C09BE4895C5EFBD893F025B4 /* PBXContainerItemProxy */ = {
			isa = PBXContainerItemProxy;
			containerPortal = F605DE406A0963431BD85FAD /* Project object */;
			proxyType = 1;
			remoteGlobalIDString = A97EAB921B5F0B7A9C962234;
			remoteInfo = "family-recipes";
		};
/* End PBXContainerItemProxy section */

/* Begin PBXFileReference section */
		04DFF6D2E04DD264FDDEDB9C /* ContentView.swift */ = {isa = PBXFileReference; lastKnownFileType = sourcecode.swift; path = ContentView.swift; sourceTree = "<group>"; };
		154735A329C6C2CF82653D80 /* RecipeService.swift */ = {isa = PBXFileReference; lastKnownFileType = sourcecode.swift; path = RecipeService.swift; sourceTree = "<group>"; };
		2C7C0B30CE9747AC9480C487 /* family_recipesTests.swift */ = {isa = PBXFileReference; lastKnownFileType = sourcecode.swift; path = family_recipesTests.swift; sourceTree = "<group>"; };
		399E557F3E505FB9DBEA8277 /* family-recipesTests.xctest */ = {isa = PBXFileReference; includeInIndex = 0; lastKnownFileType = wrapper.cfbundle; path = "family-recipesTests.xctest"; sourceTree = BUILT_PRODUCTS_DIR; };
		3CD0B670F887A0E02F65B051 /* RecipeListView.swift */ = {isa = PBXFileReference; lastKnownFileType = sourcecode.swift; path = RecipeListView.swift; sourceTree = "<group>"; };
		3FD9CD3524370D5289AB223C /* MobileAPI.swift */ = {isa = PBXFileReference; lastKnownFileType = sourcecode.swift; path = MobileAPI.swift; sourceTree = "<group>"; };
		52B00E4CADA52D63F39E2BAA /* CameraService.swift */ = {isa = PBXFileReference; lastKnownFileType = sourcecode.swift; path = CameraService.swift; sourceTree = "<group>"; };
		5926C1DE1D95E191ED05BBA2 /* Item.swift */ = {isa = PBXFileReference; lastKnownFileType = sourcecode.swift; path = Item.swift; sourceTree = "<group>"; };
		696F31189080FCDD3271E1F7 /* family-recipes.app */ = {isa = PBXFileReference; includeInIndex = 0; lastKnownFileType = wrapper.application; path = "family-recipes.app"; sourceTree = BUILT_PRODUCTS_DIR; };
		6C096CCDDEDC688D8E0C8A8C /* Assets.xcassets */ = {isa = PBXFileReference; lastKnownFileType = folder.assetcatalog; path = Assets.xcassets; sourceTree = "<group>"; };
		81F9AFCD1E320E18EE73D5C6 /* family_recipesApp.swift */ = {isa = PBXFileReference; lastKnownFileType = sourcecode.swift; path = family_recipesApp.swift; sourceTree = "<group>"; };
		86B26107F09B59CEB86202D3 /* Preview Assets.xcassets */ = {isa = PBXFileReference; lastKnownFileType = folder.assetcatalog; path = "Preview Assets.xcassets"; sourceTree = "<group>"; };
		8F2276FF43C40C91075464A6 /* LaunchScreen.storyboard */ = {isa = PBXFileReference; lastKnownFileType = file.storyboard; path = LaunchScreen.storyboard; sourceTree = "<group>"; };
		93494A46A96BC7B02232D23A /* family_recipesUITests.swift */ = {isa = PBXFileReference; lastKnownFileType = sourcecode.swift; path = family_recipesUITests.swift; sourceTree = "<group>"; };
		B07769AB4ACACE29334196DB /* YouTubeEmbedView.swift */ = {isa = PBXFileReference; lastKnownFileType = sourcecode.swift; path = YouTubeEmbedView.swift; sourceTree = "<group>"; };
		B6FFF6926E18370C75AC2EE7 /* Recipe.swift */ = {isa = PBXFileReference; lastKnownFileType = sourcecode.swift; path = Recipe.swift; sourceTree = "<group>"; };
		B992DFA04EF9CDA6350E9A7B /* RecipeDetailView.swift */ = {isa = PBXFileReference; lastKnownFileType = sourcecode.swift; path = RecipeDetailView.swift; sourceTree = "<group>"; };
		BB51EC2DCBDF0D2391B0BEFC /* RecipeService+Sync.swift */ = {isa = PBXFileReference; lastKnownFileType = sourcecode.swift; path = "RecipeService+Sync.swift"; sourceTree = "<group>"; };
		C15A67739B9904F3C09652C2 /* family_recipes.entitlements */ = {isa = PBXFileReference; lastKnownFileType = text.plist.entitlements; path = family_recipes.entitlements; sourceTree = "<group>"; };
		D6F684675901CA82ECA54421 /* family-recipesUITests.xctest */ = {isa = PBXFileReference; includeInIndex = 0; lastKnownFileType = wrapper.cfbundle; path = "family-recipesUITests.xctest"; sourceTree = BUILT_PRODUCTS_DIR; };
		E401BA4338B246B714C6E3D2 /* family_recipesUITestsLaunchTests.swift */ = {isa = PBXFileReference; lastKnownFileType = sourcecode.swift; path = family_recipesUITestsLaunchTests.swift; sourceTree = "<group>"; };
		FBA76A33619ED4DD4028AFCD /* RecipeUtils.swift */ = {isa = PBXFileReference; lastKnownFileType = sourcecode.swift; path = RecipeUtils.swift; sourceTree = "<group>"; };
/* End PBXFileReference section */

/* Begin PBXGroup section */
		38FFAFB5495EEB46581476F0 /* family-recipesUITests */ = {
			isa = PBXGroup;
			children = (
				93494A46A96BC7B02232D23A /* family_recipesUITests.swift */,
				E401BA4338B246B714C6E3D2 /* family_recipesUITestsLaunchTests.swift */,
			);
			path = "family-recipesUITests";
			sourceTree = "<group>";
		};
		536F6D4F2D69C118ACA601FA = {
			isa = PBXGroup;
			children = (
				F3ED0A2B5C993535A24FFFF0 /* family-recipes */,
				9E961800C1217EEA5FD5D09D /* family-recipesTests */,
				38FFAFB5495EEB46581476F0 /* family-recipesUITests */,
				F2E2D8F667622FCE83D533EF /* Products */,
			);
			sourceTree = "<group>";
		};
		5BE6B9C0326B9E395A4BF65F /* Preview Content */ = {
			isa = PBXGroup;
			children = (
				86B26107F09B59CEB86202D3 /* Preview Assets.xcassets */,
			);
			path = "Preview Content";
			sourceTree = "<group>";
		};
		9E961800C1217EEA5FD5D09D /* family-recipesTests */ = {
			isa = PBXGroup;
			children = (
				2C7C0B30CE9747AC9480C487 /* family_recipesTests.swift */,
			);
			path = "family-recipesTests";
			sourceTree = "<group>";
		};
		F2E2D8F667622FCE83D533EF /* Products */ = {
			isa = PBXGroup;
			children = (
				696F31189080FCDD3271E1F7 /* family-recipes.app */,
				399E557F3E505FB9DBEA8277 /* family-recipesTests.xctest */,
				D6F684675901CA82ECA54421 /* family-recipesUITests.xctest */,
			);
			name = Products;
			sourceTree = "<group>";
		};
		F3ED0A2B5C993535A24FFFF0 /* family-recipes */ = {
			isa = PBXGroup;
			children = (
				6C096CCDDEDC688D8E0C8A8C /* Assets.xcassets */,
				52B00E4CADA52D63F39E2BAA /* CameraService.swift */,
				04DFF6D2E04DD264FDDEDB9C /* ContentView.swift */,
				C15A67739B9904F3C09652C2 /* family_recipes.entitlements */,
				81F9AFCD1E320E18EE73D5C6 /* family_recipesApp.swift */,
				5926C1DE1D95E191ED05BBA2 /* Item.swift */,
				8F2276FF43C40C91075464A6 /* LaunchScreen.storyboard */,
				3FD9CD3524370D5289AB223C /* MobileAPI.swift */,
				B6FFF6926E18370C75AC2EE7 /* Recipe.swift */,
				B992DFA04EF9CDA6350E9A7B /* RecipeDetailView.swift */,
				3CD0B670F887A0E02F65B051 /* RecipeListView.swift */,
				154735A329C6C2CF82653D80 /* RecipeService.swift */,
				BB51EC2DCBDF0D2391B0BEFC /* RecipeService+Sync.swift */,
				FBA76A33619ED4DD4028AFCD /* RecipeUtils.swift */,
				B07769AB4ACACE29334196DB /* YouTubeEmbedView.swift */,
				5BE6B9C0326B9E395A4BF65F /* Preview Content */,
			);
			path = "family-recipes";
			sourceTree = "<group>";
		};
/* End PBXGroup section */

/* Begin PBXNativeTarget section */
		26958642BD1C6519D4CE5B98 /* family-recipesUITests */ = {
			isa = PBXNativeTarget;
			buildConfigurationList = 7B9FA81B80DBFCCA9084E2F4 /* Build configuration list for PBXNativeTarget "family-recipesUITests" */;
			buildPhases = (
				9C0131EE1A521C8217BAF800 /* Sources */,
			);
			buildRules = (
			);
			dependencies = (
				5DC3FDE2E563CDC3916D3A94 /* PBXTargetDependency */,
			);
			name = "family-recipesUITests";
			packageProductDependencies = (
			);
			productName = "family-recipesUITests";
			productReference = D6F684675901CA82ECA54421 /* family-recipesUITests.xctest */;
			productType = "com.apple.product-type.bundle.ui-testing";
		};
		A97EAB921B5F0B7A9C962234 /* family-recipes */ = {
			isa = PBXNativeTarget;
			buildConfigurationList = 532F4F8764020E11EC1160C1 /* Build configuration list for PBXNativeTarget "family-recipes" */;
			buildPhases = (
				A8BDC84A900DCA615885064D /* Sources */,
				BA634FB6EECA72C514A98823 /* Resources */,
			);
			buildRules = (
			);
			dependencies = (
			);
			name = "family-recipes";
			packageProductDependencies = (
			);
			productName = "family-recipes";
			productReference = 696F31189080FCDD3271E1F7 /* family-recipes.app */;
			productType = "com.apple.product-type.application";
		};
		D79EF9A7FDF8977A3226D233 /* family-recipesTests */ = {
			isa = PBXNativeTarget;
			buildConfigurationList = 4FBD3C482332F2C3BE156C74 /* Build configuration list for PBXNativeTarget "family-recipesTests" */;
			buildPhases = (
				2C3D6F0A40889AD4D389EF95 /* Sources */,
			);
			buildRules = (
			);
			dependencies = (
				4CD348031C8FABA7F67A251C /* PBXTargetDependency */,
			);
			name = "family-recipesTests";
			packageProductDependencies = (
			);
			productName = "family-recipesTests";
			productReference = 399E557F3E505FB9DBEA8277 /* family-recipesTests.xctest */;
			productType = "com.apple.product-type.bundle.unit-test";
		};
/* End PBXNativeTarget section */

/* Begin PBXProject section */
		F605DE406A0963431BD85FAD /* Project object */ = {
			isa = PBXProject;
			attributes = {
				BuildIndependentTargetsInParallel = YES;
				LastUpgradeCheck = 1430;
				TargetAttributes = {
					26958642BD1C6519D4CE5B98 = {
						DevelopmentTeam = 3L66A32827;
						ProvisioningStyle = Automatic;
						TestTargetID = A97EAB921B5F0B7A9C962234;
					};
					A97EAB921B5F0B7A9C962234 = {
						DevelopmentTeam = 3L66A32827;
						ProvisioningStyle = Automatic;
					};
					D79EF9A7FDF8977A3226D233 = {
						DevelopmentTeam = 3L66A32827;
						ProvisioningStyle = Automatic;
					};
				};
			};
			buildConfigurationList = 14A707C9B40ED68FC5305811 /* Build configuration list for PBXProject "family-recipes" */;
			compatibilityVersion = "Xcode 14.0";
			developmentRegion = en;
			hasScannedForEncodings = 0;
			knownRegions = (
				Base,
				en,
			);
			mainGroup = 536F6D4F2D69C118ACA601FA;
			minimizedProjectReferenceProxies = 1;
			preferredProjectObjectVersion = 77;
			projectDirPath = "";
			projectRoot = "";
			targets = (
				A97EAB921B5F0B7A9C962234 /* family-recipes */,
				D79EF9A7FDF8977A3226D233 /* family-recipesTests */,
				26958642BD1C6519D4CE5B98 /* family-recipesUITests */,
			);
		};
/* End PBXProject section */

/* Begin PBXResourcesBuildPhase section */
		BA634FB6EECA72C514A98823 /* Resources */ = {
			isa = PBXResourcesBuildPhase;
			buildActionMask = 2147483647;
			files = (
				3C41DAB282580A97F75DA179 /* Assets.xcassets in Resources */,
				0FF00F4B4062C1C6BA311784 /* LaunchScreen.storyboard in Resources */,
				78E08EF002BBEC4CD6D021D6 /* Preview Assets.xcassets in Resources */,
			);
			runOnlyForDeploymentPostprocessing = 0;
		};
/* End PBXResourcesBuildPhase section */

/* Begin PBXSourcesBuildPhase section */
		2C3D6F0A40889AD4D389EF95 /* Sources */ = {
			isa = PBXSourcesBuildPhase;
			buildActionMask = 2147483647;
			files = (
				989B5ECF2C1BF9855CD112AB /* family_recipesTests.swift in Sources */,
			);
			runOnlyForDeploymentPostprocessing = 0;
		};
		9C0131EE1A521C8217BAF800 /* Sources */ = {
			isa = PBXSourcesBuildPhase;
			buildActionMask = 2147483647;
			files = (
				4B8B89CA37BE6A790C44F253 /* family_recipesUITests.swift in Sources */,
				033A119E141BDEA4D5F15D79 /* family_recipesUITestsLaunchTests.swift in Sources */,
			);
			runOnlyForDeploymentPostprocessing = 0;
		};
		A8BDC84A900DCA615885064D /* Sources */ = {
			isa = PBXSourcesBuildPhase;
			buildActionMask = 2147483647;
			files = (
				C2DFF9864AE177EC4AE87137 /* CameraService.swift in Sources */,
				C662362A4BAF9E28652524B8 /* ContentView.swift in Sources */,
				A9872591A42D89E17DDA0ED8 /* Item.swift in Sources */,
				4A52DA58C8D92AF9D66FEEE4 /* MobileAPI.swift in Sources */,
				734A866A42EA9042FB232C66 /* Recipe.swift in Sources */,
				51E85DDB6AA4015B26B304D9 /* RecipeDetailView.swift in Sources */,
				EE7D24D0E5A7D4DD8868E4A2 /* RecipeListView.swift in Sources */,
				776CFA7E36F767739972EB17 /* RecipeService+Sync.swift in Sources */,
				2F81C59B9AAE92775E97A1E2 /* RecipeService.swift in Sources */,
				422575907055AAB210D70A6B /* RecipeUtils.swift in Sources */,
				6BB1DD27DD8B8921487FC21E /* YouTubeEmbedView.swift in Sources */,
				265C62CDEF9D71C651B7D2BE /* family_recipesApp.swift in Sources */,
			);
			runOnlyForDeploymentPostprocessing = 0;
		};
/* End PBXSourcesBuildPhase section */

/* Begin PBXTargetDependency section */
		4CD348031C8FABA7F67A251C /* PBXTargetDependency */ = {
			isa = PBXTargetDependency;
			target = A97EAB921B5F0B7A9C962234 /* family-recipes */;
			targetProxy = C09BE4895C5EFBD893F025B4 /* PBXContainerItemProxy */;
		};
		5DC3FDE2E563CDC3916D3A94 /* PBXTargetDependency */ = {
			isa = PBXTargetDependency;
			target = A97EAB921B5F0B7A9C962234 /* family-recipes */;
			targetProxy = 76E887A0879EBEAEC4B716B2 /* PBXContainerItemProxy */;
		};
/* End PBXTargetDependency section */

/* Begin XCBuildConfiguration section */
		420B4DB32231C96B5E0255DD /* Debug */ = {
			isa = XCBuildConfiguration;
			buildSettings = {
				ASSETCATALOG_COMPILER_APPICON_NAME = AppIcon;
				CODE_SIGN_IDENTITY = "iPhone Developer";
				GENERATE_INFOPLIST_FILE = YES;
				INFOPLIST_FILE = "family-recipes/Info.plist";
				LD_RUNPATH_SEARCH_PATHS = (
					"$(inherited)",
					"@executable_path/Frameworks",
				);
				PRODUCT_BUNDLE_IDENTIFIER = "com.electrospit.family-recipes";
				SDKROOT = iphoneos;
				TARGETED_DEVICE_FAMILY = "1,2";
			};
			name = Debug;
		};
		57FE6F15203A44646DFEADD9 /* Release */ = {
			isa = XCBuildConfiguration;
			buildSettings = {
				ASSETCATALOG_COMPILER_APPICON_NAME = AppIcon;
				CODE_SIGN_IDENTITY = "iPhone Developer";
				GENERATE_INFOPLIST_FILE = YES;
				INFOPLIST_FILE = "family-recipes/Info.plist";
				LD_RUNPATH_SEARCH_PATHS = (
					"$(inherited)",
					"@executable_path/Frameworks",
				);
				PRODUCT_BUNDLE_IDENTIFIER = "com.electrospit.family-recipes";
				SDKROOT = iphoneos;
				TARGETED_DEVICE_FAMILY = "1,2";
			};
			name = Release;
		};
		6CE58E865D928CBB679CA986 /* Release */ = {
			isa = XCBuildConfiguration;
			buildSettings = {
				BUNDLE_LOADER = "$(TEST_HOST)";
				GENERATE_INFOPLIST_FILE = YES;
				LD_RUNPATH_SEARCH_PATHS = (
					"$(inherited)",
					"@executable_path/Frameworks",
					"@loader_path/Frameworks",
				);
				PRODUCT_BUNDLE_IDENTIFIER = "com.electrospit.family-recipesTests";
				SDKROOT = iphoneos;
				TARGETED_DEVICE_FAMILY = "1,2";
				TEST_HOST = "$(BUILT_PRODUCTS_DIR)/family-recipes.app/family-recipes";
			};
			name = Release;
		};
		6DC84CD41EB7A6CFC0110DAF /* Release */ = {
			isa = XCBuildConfiguration;
			buildSettings = {
				BUNDLE_LOADER = "$(TEST_HOST)";
				GENERATE_INFOPLIST_FILE = YES;
				LD_RUNPATH_SEARCH_PATHS = (
					"$(inherited)",
					"@executable_path/Frameworks",
					"@loader_path/Frameworks",
				);
				PRODUCT_BUNDLE_IDENTIFIER = "com.electrospit.family-recipesUITests";
				SDKROOT = iphoneos;
				TARGETED_DEVICE_FAMILY = "1,2";
				TEST_TARGET_NAME = "family-recipes";
			};
			name = Release;
		};
		C8324A2531FA5E79E9FAD9E1 /* Release */ = {
			isa = XCBuildConfiguration;
			buildSettings = {
				ALWAYS_SEARCH_USER_PATHS = NO;
				CLANG_ANALYZER_NONNULL = YES;
				CLANG_ANALYZER_NUMBER_OBJECT_CONVERSION = YES_AGGRESSIVE;
				CLANG_CXX_LANGUAGE_STANDARD = "gnu++14";
				CLANG_CXX_LIBRARY = "libc++";
				CLANG_ENABLE_MODULES = YES;
				CLANG_ENABLE_OBJC_ARC = YES;
				CLANG_ENABLE_OBJC_WEAK = YES;
				CLANG_WARN_BLOCK_CAPTURE_AUTORELEASING = YES;
				CLANG_WARN_BOOL_CONVERSION = YES;
				CLANG_WARN_COMMA = YES;
				CLANG_WARN_CONSTANT_CONVERSION = YES;
				CLANG_WARN_DEPRECATED_OBJC_IMPLEMENTATIONS = YES;
				CLANG_WARN_DIRECT_OBJC_ISA_USAGE = YES_ERROR;
				CLANG_WARN_DOCUMENTATION_COMMENTS = YES;
				CLANG_WARN_EMPTY_BODY = YES;
				CLANG_WARN_ENUM_CONVERSION = YES;
				CLANG_WARN_INFINITE_RECURSION = YES;
				CLANG_WARN_INT_CONVERSION = YES;
				CLANG_WARN_NON_LITERAL_NULL_CONVERSION = YES;
				CLANG_WARN_OBJC_IMPLICIT_RETAIN_SELF = YES;
				CLANG_WARN_OBJC_LITERAL_CONVERSION = YES;
				CLANG_WARN_OBJC_ROOT_CLASS = YES_ERROR;
				CLANG_WARN_QUOTED_INCLUDE_IN_FRAMEWORK_HEADER = YES;
				CLANG_WARN_RANGE_LOOP_ANALYSIS = YES;
				CLANG_WARN_STRICT_PROTOTYPES = YES;
				CLANG_WARN_SUSPICIOUS_MOVE = YES;
				CLANG_WARN_UNGUARDED_AVAILABILITY = YES_AGGRESSIVE;
				CLANG_WARN_UNREACHABLE_CODE = YES;
				CLANG_WARN__DUPLICATE_METHOD_MATCH = YES;
				CODE_SIGN_STYLE = Automatic;
				COPY_PHASE_STRIP = NO;
				CURRENT_PROJECT_VERSION = 2;
				DEBUG_INFORMATION_FORMAT = "dwarf-with-dsym";
				DEVELOPMENT_TEAM = 3L66A32827;
				ENABLE_NS_ASSERTIONS = NO;
				ENABLE_STRICT_OBJC_MSGSEND = YES;
				GCC_C_LANGUAGE_STANDARD = gnu11;
				GCC_NO_COMMON_BLOCKS = YES;
				GCC_WARN_64_TO_32_BIT_CONVERSION = YES;
				GCC_WARN_ABOUT_RETURN_TYPE = YES_ERROR;
				GCC_WARN_UNDECLARED_SELECTOR = YES;
				GCC_WARN_UNINITIALIZED_AUTOS = YES_AGGRESSIVE;
				GCC_WARN_UNUSED_FUNCTION = YES;
				GCC_WARN_UNUSED_VARIABLE = YES;
				IPHONEOS_DEPLOYMENT_TARGET = 18.2;
				MARKETING_VERSION = 1.0;
				MTL_ENABLE_DEBUG_INFO = NO;
				MTL_FAST_MATH = YES;
				PRODUCT_NAME = "$(TARGET_NAME)";
				SDKROOT = iphoneos;
				SWIFT_COMPILATION_MODE = wholemodule;
				SWIFT_OPTIMIZATION_LEVEL = "-O";
				SWIFT_VERSION = 5.0;
				TARGETED_DEVICE_FAMILY = "1,2,7";
			};
			name = Release;
		};
		D18DD64C9E15A862F1BA588A /* Debug */ = {
			isa = XCBuildConfiguration;
			buildSettings = {
				BUNDLE_LOADER = "$(TEST_HOST)";
				GENERATE_INFOPLIST_FILE = YES;
				LD_RUNPATH_SEARCH_PATHS = (
					"$(inherited)",
					"@executable_path/Frameworks",
					"@loader_path/Frameworks",
				);
				PRODUCT_BUNDLE_IDENTIFIER = "com.electrospit.family-recipesUITests";
				SDKROOT = iphoneos;
				TARGETED_DEVICE_FAMILY = "1,2";
				TEST_TARGET_NAME = "family-recipes";
			};
			name = Debug;
		};
		E4842675854056313E52A1AA /* Debug */ = {
			isa = XCBuildConfiguration;
			buildSettings = {
				BUNDLE_LOADER = "$(TEST_HOST)";
				GENERATE_INFOPLIST_FILE = YES;
				LD_RUNPATH_SEARCH_PATHS = (
					"$(inherited)",
					"@executable_path/Frameworks",
					"@loader_path/Frameworks",
				);
				PRODUCT_BUNDLE_IDENTIFIER = "com.electrospit.family-recipesTests";
				SDKROOT = iphoneos;
				TARGETED_DEVICE_FAMILY = "1,2";
				TEST_HOST = "$(BUILT_PRODUCTS_DIR)/family-recipes.app/family-recipes";
			};
			name = Debug;
		};
		EB774B41D53D69D4201412A4 /* Debug */ = {
			isa = XCBuildConfiguration;
			buildSettings = {
				ALWAYS_SEARCH_USER_PATHS = NO;
				CLANG_ANALYZER_NONNULL = YES;
				CLANG_ANALYZER_NUMBER_OBJECT_CONVERSION = YES_AGGRESSIVE;
				CLANG_CXX_LANGUAGE_STANDARD = "gnu++14";
				CLANG_CXX_LIBRARY = "libc++";
				CLANG_ENABLE_MODULES = YES;
				CLANG_ENABLE_OBJC_ARC = YES;
				CLANG_ENABLE_OBJC_WEAK = YES;
				CLANG_WARN_BLOCK_CAPTURE_AUTORELEASING = YES;
				CLANG_WARN_BOOL_CONVERSION = YES;
				CLANG_WARN_COMMA = YES;
				CLANG_WARN_CONSTANT_CONVERSION = YES;
				CLANG_WARN_DEPRECATED_OBJC_IMPLEMENTATIONS = YES;
				CLANG_WARN_DIRECT_OBJC_ISA_USAGE = YES_ERROR;
				CLANG_WARN_DOCUMENTATION_COMMENTS = YES;
				CLANG_WARN_EMPTY_BODY = YES;
				CLANG_WARN_ENUM_CONVERSION = YES;
				CLANG_WARN_INFINITE_RECURSION = YES;
				CLANG_WARN_INT_CONVERSION = YES;
				CLANG_WARN_NON_LITERAL_NULL_CONVERSION = YES;
				CLANG_WARN_OBJC_IMPLICIT_RETAIN_SELF = YES;
				CLANG_WARN_OBJC_LITERAL_CONVERSION = YES;
				CLANG_WARN_OBJC_ROOT_CLASS = YES_ERROR;
				CLANG_WARN_QUOTED_INCLUDE_IN_FRAMEWORK_HEADER = YES;
				CLANG_WARN_RANGE_LOOP_ANALYSIS = YES;
				CLANG_WARN_STRICT_PROTOTYPES = YES;
				CLANG_WARN_SUSPICIOUS_MOVE = YES;
				CLANG_WARN_UNGUARDED_AVAILABILITY = YES_AGGRESSIVE;
				CLANG_WARN_UNREACHABLE_CODE = YES;
				CLANG_WARN__DUPLICATE_METHOD_MATCH = YES;
				CODE_SIGN_STYLE = Automatic;
				COPY_PHASE_STRIP = NO;
				CURRENT_PROJECT_VERSION = 2;
				DEBUG_INFORMATION_FORMAT = dwarf;
				DEVELOPMENT_TEAM = 3L66A32827;
				ENABLE_STRICT_OBJC_MSGSEND = YES;
				ENABLE_TESTABILITY = YES;
				GCC_C_LANGUAGE_STANDARD = gnu11;
				GCC_DYNAMIC_NO_PIC = NO;
				GCC_NO_COMMON_BLOCKS = YES;
				GCC_OPTIMIZATION_LEVEL = 0;
				GCC_PREPROCESSOR_DEFINITIONS = (
					"$(inherited)",
					"DEBUG=1",
				);
				GCC_WARN_64_TO_32_BIT_CONVERSION = YES;
				GCC_WARN_ABOUT_RETURN_TYPE = YES_ERROR;
				GCC_WARN_UNDECLARED_SELECTOR = YES;
				GCC_WARN_UNINITIALIZED_AUTOS = YES_AGGRESSIVE;
				GCC_WARN_UNUSED_FUNCTION = YES;
				GCC_WARN_UNUSED_VARIABLE = YES;
				IPHONEOS_DEPLOYMENT_TARGET = 18.2;
				MARKETING_VERSION = 1.0;
				MTL_ENABLE_DEBUG_INFO = INCLUDE_SOURCE;
				MTL_FAST_MATH = YES;
				ONLY_ACTIVE_ARCH = YES;
				PRODUCT_NAME = "$(TARGET_NAME)";
				SDKROOT = iphoneos;
				SWIFT_ACTIVE_COMPILATION_CONDITIONS = DEBUG;
				SWIFT_OPTIMIZATION_LEVEL = "-Onone";
				SWIFT_VERSION = 5.0;
				TARGETED_DEVICE_FAMILY = "1,2,7";
			};
			name = Debug;
		};
/* End XCBuildConfiguration section */

/* Begin XCConfigurationList section */
		14A707C9B40ED68FC5305811 /* Build configuration list for PBXProject "family-recipes" */ = {
			isa = XCConfigurationList;
			buildConfigurations = (
				EB774B41D53D69D4201412A4 /* Debug */,
				C8324A2531FA5E79E9FAD9E1 /* Release */,
			);
			defaultConfigurationIsVisible = 0;
			defaultConfigurationName = Debug;
		};
		4FBD3C482332F2C3BE156C74 /* Build configuration list for PBXNativeTarget "family-recipesTests" */ = {
			isa = XCConfigurationList;
			buildConfigurations = (
				E4842675854056313E52A1AA /* Debug */,
				6CE58E865D928CBB679CA986 /* Release */,
			);
			defaultConfigurationIsVisible = 0;
			defaultConfigurationName = Debug;
		};
		532F4F8764020E11EC1160C1 /* Build configuration list for PBXNativeTarget "family-recipes" */ = {
			isa = XCConfigurationList;
			buildConfigurations = (
				420B4DB32231C96B5E0255DD /* Debug */,
				57FE6F15203A44646DFEADD9 /* Release */,
			);
			defaultConfigurationIsVisible = 0;
			defaultConfigurationName = Debug;
		};
		7B9FA81B80DBFCCA9084E2F4 /* Build configuration list for PBXNativeTarget "family-recipesUITests" */ = {
			isa = XCConfigurationList;
			buildConfigurations = (
				D18DD64C9E15A862F1BA588A /* Debug */,
				6DC84CD41EB7A6CFC0110DAF /* Release */,
			);
			defaultConfigurationIsVisible = 0;
			defaultConfigurationName = Debug;
		};
/* End XCConfigurationList section */
	};
	rootObject = F605DE406A0963431BD85FAD /* Project object */;
}
