// !$*UTF8*$!
{
	archiveVersion = 1;
	classes = {
	};
	objectVersion = 77;
	objects = {

/* Begin PBXBuildFile section */
		1CA9237912A2975719FF1528 /* Preview Assets.xcassets in Resources */ = {isa = PBXBuildFile; fileRef = 12C6723B87383193F34371C5 /* Preview Assets.xcassets */; };
		244DDDB2EB2DD92157FB1123 /* RecipeListView.swift in Sources */ = {isa = PBXBuildFile; fileRef = C335758CB4F78983AAA90D6E /* RecipeListView.swift */; };
		31DCA09B5E4C15043472E129 /* family_recipesTests.swift in Sources */ = {isa = PBXBuildFile; fileRef = 4149653C472E0A8F29BA6CC0 /* family_recipesTests.swift */; };
		36045B320265DAF6437DA7EF /* family_recipesUITestsLaunchTests.swift in Sources */ = {isa = PBXBuildFile; fileRef = 3A0DC4BF767D9EADC3608101 /* family_recipesUITestsLaunchTests.swift */; };
		63EB89391392DA484934DACB /* Assets.xcassets in Resources */ = {isa = PBXBuildFile; fileRef = C1ED8143A7A193ECE13751A0 /* Assets.xcassets */; };
		66A7F020EBD9B5CC13023EE1 /* YouTubeEmbedView.swift in Sources */ = {isa = PBXBuildFile; fileRef = 330D1A76AEE8B84E4B011D65 /* YouTubeEmbedView.swift */; };
		7393147E7342FFFDA0B0CCA0 /* RecipeDetailView.swift in Sources */ = {isa = PBXBuildFile; fileRef = 26BC0E22694A14B2CF35269C /* RecipeDetailView.swift */; };
		74F97E1E64C4AF66E40CCB3D /* ContentView.swift in Sources */ = {isa = PBXBuildFile; fileRef = 0EE72818269C710AB716F322 /* ContentView.swift */; };
		7F495AB773D376E4EFD7CBC8 /* RecipeUtils.swift in Sources */ = {isa = PBXBuildFile; fileRef = 8E05394AC82D2B23BD5D5E40 /* RecipeUtils.swift */; };
		84957E449A24B40FC9E3B702 /* family_recipesUITests.swift in Sources */ = {isa = PBXBuildFile; fileRef = 24401F98FEE42908731B4AB6 /* family_recipesUITests.swift */; };
		86E6BC0EFCFE2529C6725F4C /* RecipeService.swift in Sources */ = {isa = PBXBuildFile; fileRef = A31CDC3CB70CC4A7965E6A15 /* RecipeService.swift */; };
		92F45CD3AB870B78A497DFE8 /* AppSettings.swift in Sources */ = {isa = PBXBuildFile; fileRef = 9790BA7BCE9C0F4550F696AC /* AppSettings.swift */; };
		9D5778542795A90BFF941EE3 /* Recipe.swift in Sources */ = {isa = PBXBuildFile; fileRef = C5704AD444E6AFDD31FF073E /* Recipe.swift */; };
		A31C4243DA33AADC55C22DE5 /* family_recipesApp.swift in Sources */ = {isa = PBXBuildFile; fileRef = AE2835A15ACC0ED46529A157 /* family_recipesApp.swift */; };
		B9E5D559AA9711A78A8A2674 /* Item.swift in Sources */ = {isa = PBXBuildFile; fileRef = 84F0DD315C8449A26FC7707B /* Item.swift */; };
		C7239E5EFC803190660C258A /* RecipeService+Sync.swift in Sources */ = {isa = PBXBuildFile; fileRef = EF3F5E7CBF5AE9DE2B6DFB67 /* RecipeService+Sync.swift */; };
		DA0FED380969971A43F17F7E /* LaunchScreen.storyboard in Resources */ = {isa = PBXBuildFile; fileRef = DDC2C5D4EB9F8035D6457722 /* LaunchScreen.storyboard */; };
		DEF021BE01F9B4D25BAB3B8C /* CameraService.swift in Sources */ = {isa = PBXBuildFile; fileRef = 0C1FB9452A5E72D1631D55D3 /* CameraService.swift */; };
		F2BF789BE566CD862227733F /* SettingsView.swift in Sources */ = {isa = PBXBuildFile; fileRef = 4B82A25809B9D8E54695C580 /* SettingsView.swift */; };
		FF315F4B41E6D02C6FF157AC /* MobileAPI.swift in Sources */ = {isa = PBXBuildFile; fileRef = 910182334D5C8DF80816E41A /* MobileAPI.swift */; };
/* End PBXBuildFile section */

/* Begin PBXContainerItemProxy section */
		6BEB65B04740A16ABBB6F8BD /* PBXContainerItemProxy */ = {
			isa = PBXContainerItemProxy;
			containerPortal = E4591C36F878CF02A0C8134E /* Project object */;
			proxyType = 1;
			remoteGlobalIDString = 57FA82BD278F9DF7B0F74776;
			remoteInfo = SafePlate;
		};
		F3E5211276F6808EDB7B204D /* PBXContainerItemProxy */ = {
			isa = PBXContainerItemProxy;
			containerPortal = E4591C36F878CF02A0C8134E /* Project object */;
			proxyType = 1;
			remoteGlobalIDString = 57FA82BD278F9DF7B0F74776;
			remoteInfo = SafePlate;
		};
/* End PBXContainerItemProxy section */

/* Begin PBXFileReference section */
		0C1FB9452A5E72D1631D55D3 /* CameraService.swift */ = {isa = PBXFileReference; lastKnownFileType = sourcecode.swift; path = CameraService.swift; sourceTree = "<group>"; };
		0EE72818269C710AB716F322 /* ContentView.swift */ = {isa = PBXFileReference; lastKnownFileType = sourcecode.swift; path = ContentView.swift; sourceTree = "<group>"; };
		12C6723B87383193F34371C5 /* Preview Assets.xcassets */ = {isa = PBXFileReference; lastKnownFileType = folder.assetcatalog; path = "Preview Assets.xcassets"; sourceTree = "<group>"; };
		2333F2C77B868C303003791F /* family_recipes.entitlements */ = {isa = PBXFileReference; lastKnownFileType = text.plist.entitlements; path = family_recipes.entitlements; sourceTree = "<group>"; };
		24401F98FEE42908731B4AB6 /* family_recipesUITests.swift */ = {isa = PBXFileReference; lastKnownFileType = sourcecode.swift; path = family_recipesUITests.swift; sourceTree = "<group>"; };
		26BC0E22694A14B2CF35269C /* RecipeDetailView.swift */ = {isa = PBXFileReference; lastKnownFileType = sourcecode.swift; path = RecipeDetailView.swift; sourceTree = "<group>"; };
		330D1A76AEE8B84E4B011D65 /* YouTubeEmbedView.swift */ = {isa = PBXFileReference; lastKnownFileType = sourcecode.swift; path = YouTubeEmbedView.swift; sourceTree = "<group>"; };
		3A0DC4BF767D9EADC3608101 /* family_recipesUITestsLaunchTests.swift */ = {isa = PBXFileReference; lastKnownFileType = sourcecode.swift; path = family_recipesUITestsLaunchTests.swift; sourceTree = "<group>"; };
		4149653C472E0A8F29BA6CC0 /* family_recipesTests.swift */ = {isa = PBXFileReference; lastKnownFileType = sourcecode.swift; path = family_recipesTests.swift; sourceTree = "<group>"; };
		4B82A25809B9D8E54695C580 /* SettingsView.swift */ = {isa = PBXFileReference; lastKnownFileType = sourcecode.swift; path = SettingsView.swift; sourceTree = "<group>"; };
		5514B0291EDDC4E7226B8200 /* SafePlate.app */ = {isa = PBXFileReference; includeInIndex = 0; lastKnownFileType = wrapper.application; path = SafePlate.app; sourceTree = BUILT_PRODUCTS_DIR; };
		7C46C4B56A225D00327EB719 /* SafePlateTests.xctest */ = {isa = PBXFileReference; includeInIndex = 0; lastKnownFileType = wrapper.cfbundle; path = SafePlateTests.xctest; sourceTree = BUILT_PRODUCTS_DIR; };
		84F0DD315C8449A26FC7707B /* Item.swift */ = {isa = PBXFileReference; lastKnownFileType = sourcecode.swift; path = Item.swift; sourceTree = "<group>"; };
		8E05394AC82D2B23BD5D5E40 /* RecipeUtils.swift */ = {isa = PBXFileReference; lastKnownFileType = sourcecode.swift; path = RecipeUtils.swift; sourceTree = "<group>"; };
		910182334D5C8DF80816E41A /* MobileAPI.swift */ = {isa = PBXFileReference; lastKnownFileType = sourcecode.swift; path = MobileAPI.swift; sourceTree = "<group>"; };
		9790BA7BCE9C0F4550F696AC /* AppSettings.swift */ = {isa = PBXFileReference; lastKnownFileType = sourcecode.swift; path = AppSettings.swift; sourceTree = "<group>"; };
		A31CDC3CB70CC4A7965E6A15 /* RecipeService.swift */ = {isa = PBXFileReference; lastKnownFileType = sourcecode.swift; path = RecipeService.swift; sourceTree = "<group>"; };
		AE2835A15ACC0ED46529A157 /* family_recipesApp.swift */ = {isa = PBXFileReference; lastKnownFileType = sourcecode.swift; path = family_recipesApp.swift; sourceTree = "<group>"; };
		C1ED8143A7A193ECE13751A0 /* Assets.xcassets */ = {isa = PBXFileReference; lastKnownFileType = folder.assetcatalog; path = Assets.xcassets; sourceTree = "<group>"; };
		C335758CB4F78983AAA90D6E /* RecipeListView.swift */ = {isa = PBXFileReference; lastKnownFileType = sourcecode.swift; path = RecipeListView.swift; sourceTree = "<group>"; };
		C5704AD444E6AFDD31FF073E /* Recipe.swift */ = {isa = PBXFileReference; lastKnownFileType = sourcecode.swift; path = Recipe.swift; sourceTree = "<group>"; };
		DDC2C5D4EB9F8035D6457722 /* LaunchScreen.storyboard */ = {isa = PBXFileReference; lastKnownFileType = file.storyboard; path = LaunchScreen.storyboard; sourceTree = "<group>"; };
		EF3F5E7CBF5AE9DE2B6DFB67 /* RecipeService+Sync.swift */ = {isa = PBXFileReference; lastKnownFileType = sourcecode.swift; path = "RecipeService+Sync.swift"; sourceTree = "<group>"; };
		F7DDBE07B0275E65AA25169F /* SafePlateUITests.xctest */ = {isa = PBXFileReference; includeInIndex = 0; lastKnownFileType = wrapper.cfbundle; path = SafePlateUITests.xctest; sourceTree = BUILT_PRODUCTS_DIR; };
/* End PBXFileReference section */

/* Begin PBXGroup section */
		25F3C6F60775D76BEFC8E884 /* family-recipesTests */ = {
			isa = PBXGroup;
			children = (
				4149653C472E0A8F29BA6CC0 /* family_recipesTests.swift */,
			);
			path = "family-recipesTests";
			sourceTree = "<group>";
		};
		3ED354678E30F7A6A3356AB3 /* Products */ = {
			isa = PBXGroup;
			children = (
				5514B0291EDDC4E7226B8200 /* SafePlate.app */,
				7C46C4B56A225D00327EB719 /* SafePlateTests.xctest */,
				F7DDBE07B0275E65AA25169F /* SafePlateUITests.xctest */,
			);
			name = Products;
			sourceTree = "<group>";
		};
		93086E393DECDCDF5229E6BA /* family-recipes */ = {
			isa = PBXGroup;
			children = (
				9790BA7BCE9C0F4550F696AC /* AppSettings.swift */,
				C1ED8143A7A193ECE13751A0 /* Assets.xcassets */,
				0C1FB9452A5E72D1631D55D3 /* CameraService.swift */,
				0EE72818269C710AB716F322 /* ContentView.swift */,
				2333F2C77B868C303003791F /* family_recipes.entitlements */,
				AE2835A15ACC0ED46529A157 /* family_recipesApp.swift */,
				84F0DD315C8449A26FC7707B /* Item.swift */,
				DDC2C5D4EB9F8035D6457722 /* LaunchScreen.storyboard */,
				910182334D5C8DF80816E41A /* MobileAPI.swift */,
				C5704AD444E6AFDD31FF073E /* Recipe.swift */,
				26BC0E22694A14B2CF35269C /* RecipeDetailView.swift */,
				C335758CB4F78983AAA90D6E /* RecipeListView.swift */,
				A31CDC3CB70CC4A7965E6A15 /* RecipeService.swift */,
				EF3F5E7CBF5AE9DE2B6DFB67 /* RecipeService+Sync.swift */,
				8E05394AC82D2B23BD5D5E40 /* RecipeUtils.swift */,
				4B82A25809B9D8E54695C580 /* SettingsView.swift */,
				330D1A76AEE8B84E4B011D65 /* YouTubeEmbedView.swift */,
				DD56710832C3629A57305941 /* Preview Content */,
			);
			path = "family-recipes";
			sourceTree = "<group>";
		};
		9C9AE053E3AC11D7B729BD9B = {
			isa = PBXGroup;
			children = (
				93086E393DECDCDF5229E6BA /* family-recipes */,
				25F3C6F60775D76BEFC8E884 /* family-recipesTests */,
				BEE5D0BAA1066B133DFFDCCA /* family-recipesUITests */,
				3ED354678E30F7A6A3356AB3 /* Products */,
			);
			sourceTree = "<group>";
		};
		BEE5D0BAA1066B133DFFDCCA /* family-recipesUITests */ = {
			isa = PBXGroup;
			children = (
				24401F98FEE42908731B4AB6 /* family_recipesUITests.swift */,
				3A0DC4BF767D9EADC3608101 /* family_recipesUITestsLaunchTests.swift */,
			);
			path = "family-recipesUITests";
			sourceTree = "<group>";
		};
		DD56710832C3629A57305941 /* Preview Content */ = {
			isa = PBXGroup;
			children = (
				12C6723B87383193F34371C5 /* Preview Assets.xcassets */,
			);
			path = "Preview Content";
			sourceTree = "<group>";
		};
/* End PBXGroup section */

/* Begin PBXNativeTarget section */
		57FA82BD278F9DF7B0F74776 /* SafePlate */ = {
			isa = PBXNativeTarget;
			buildConfigurationList = 1C4F9ADCD6554497A4368198 /* Build configuration list for PBXNativeTarget "SafePlate" */;
			buildPhases = (
				8CC38FF2CA1ED31D11D90544 /* Sources */,
				ECDEC987154BDC13C82316C6 /* Resources */,
			);
			buildRules = (
			);
			dependencies = (
			);
			name = SafePlate;
			packageProductDependencies = (
			);
			productName = SafePlate;
			productReference = 5514B0291EDDC4E7226B8200 /* SafePlate.app */;
			productType = "com.apple.product-type.application";
		};
		80FFED409A8A89677758C498 /* SafePlateTests */ = {
			isa = PBXNativeTarget;
			buildConfigurationList = C0E683B73661B490A1D88D3B /* Build configuration list for PBXNativeTarget "SafePlateTests" */;
			buildPhases = (
				DAF74D36639ABCD1F2D45264 /* Sources */,
			);
			buildRules = (
			);
			dependencies = (
				0DC747EC8578BB6A006D05B4 /* PBXTargetDependency */,
			);
			name = SafePlateTests;
			packageProductDependencies = (
			);
			productName = SafePlateTests;
			productReference = 7C46C4B56A225D00327EB719 /* SafePlateTests.xctest */;
			productType = "com.apple.product-type.bundle.unit-test";
		};
		BFC573050423371CBAE8623F /* SafePlateUITests */ = {
			isa = PBXNativeTarget;
			buildConfigurationList = 2A49AAE2E280994A93AF8AEE /* Build configuration list for PBXNativeTarget "SafePlateUITests" */;
			buildPhases = (
				C3110C5CF66265677FB5619E /* Sources */,
			);
			buildRules = (
			);
			dependencies = (
				44A41E4CE93B53A58BA334F0 /* PBXTargetDependency */,
			);
			name = SafePlateUITests;
			packageProductDependencies = (
			);
			productName = SafePlateUITests;
			productReference = F7DDBE07B0275E65AA25169F /* SafePlateUITests.xctest */;
			productType = "com.apple.product-type.bundle.ui-testing";
		};
/* End PBXNativeTarget section */

/* Begin PBXProject section */
		E4591C36F878CF02A0C8134E /* Project object */ = {
			isa = PBXProject;
			attributes = {
				BuildIndependentTargetsInParallel = YES;
				LastUpgradeCheck = 1430;
				TargetAttributes = {
					57FA82BD278F9DF7B0F74776 = {
						DevelopmentTeam = 3L66A32827;
						ProvisioningStyle = Automatic;
					};
					80FFED409A8A89677758C498 = {
						DevelopmentTeam = 3L66A32827;
						ProvisioningStyle = Automatic;
					};
					BFC573050423371CBAE8623F = {
						DevelopmentTeam = 3L66A32827;
						ProvisioningStyle = Automatic;
						TestTargetID = 57FA82BD278F9DF7B0F74776;
					};
				};
			};
			buildConfigurationList = 2AA17EDCEA8C5EF76D90474A /* Build configuration list for PBXProject "SafePlate" */;
			compatibilityVersion = "Xcode 14.0";
			developmentRegion = en;
			hasScannedForEncodings = 0;
			knownRegions = (
				Base,
				en,
			);
			mainGroup = 9C9AE053E3AC11D7B729BD9B;
			minimizedProjectReferenceProxies = 1;
			preferredProjectObjectVersion = 77;
			projectDirPath = "";
			projectRoot = "";
			targets = (
				57FA82BD278F9DF7B0F74776 /* SafePlate */,
				80FFED409A8A89677758C498 /* SafePlateTests */,
				BFC573050423371CBAE8623F /* SafePlateUITests */,
			);
		};
/* End PBXProject section */

/* Begin PBXResourcesBuildPhase section */
		ECDEC987154BDC13C82316C6 /* Resources */ = {
			isa = PBXResourcesBuildPhase;
			buildActionMask = 2147483647;
			files = (
				63EB89391392DA484934DACB /* Assets.xcassets in Resources */,
				DA0FED380969971A43F17F7E /* LaunchScreen.storyboard in Resources */,
				1CA9237912A2975719FF1528 /* Preview Assets.xcassets in Resources */,
			);
			runOnlyForDeploymentPostprocessing = 0;
		};
/* End PBXResourcesBuildPhase section */

/* Begin PBXSourcesBuildPhase section */
		8CC38FF2CA1ED31D11D90544 /* Sources */ = {
			isa = PBXSourcesBuildPhase;
			buildActionMask = 2147483647;
			files = (
				92F45CD3AB870B78A497DFE8 /* AppSettings.swift in Sources */,
				DEF021BE01F9B4D25BAB3B8C /* CameraService.swift in Sources */,
				74F97E1E64C4AF66E40CCB3D /* ContentView.swift in Sources */,
				B9E5D559AA9711A78A8A2674 /* Item.swift in Sources */,
				FF315F4B41E6D02C6FF157AC /* MobileAPI.swift in Sources */,
				9D5778542795A90BFF941EE3 /* Recipe.swift in Sources */,
				7393147E7342FFFDA0B0CCA0 /* RecipeDetailView.swift in Sources */,
				244DDDB2EB2DD92157FB1123 /* RecipeListView.swift in Sources */,
				C7239E5EFC803190660C258A /* RecipeService+Sync.swift in Sources */,
				86E6BC0EFCFE2529C6725F4C /* RecipeService.swift in Sources */,
				7F495AB773D376E4EFD7CBC8 /* RecipeUtils.swift in Sources */,
				F2BF789BE566CD862227733F /* SettingsView.swift in Sources */,
				66A7F020EBD9B5CC13023EE1 /* YouTubeEmbedView.swift in Sources */,
				A31C4243DA33AADC55C22DE5 /* family_recipesApp.swift in Sources */,
			);
			runOnlyForDeploymentPostprocessing = 0;
		};
		C3110C5CF66265677FB5619E /* Sources */ = {
			isa = PBXSourcesBuildPhase;
			buildActionMask = 2147483647;
			files = (
				84957E449A24B40FC9E3B702 /* family_recipesUITests.swift in Sources */,
				36045B320265DAF6437DA7EF /* family_recipesUITestsLaunchTests.swift in Sources */,
			);
			runOnlyForDeploymentPostprocessing = 0;
		};
		DAF74D36639ABCD1F2D45264 /* Sources */ = {
			isa = PBXSourcesBuildPhase;
			buildActionMask = 2147483647;
			files = (
				31DCA09B5E4C15043472E129 /* family_recipesTests.swift in Sources */,
			);
			runOnlyForDeploymentPostprocessing = 0;
		};
/* End PBXSourcesBuildPhase section */

/* Begin PBXTargetDependency section */
		0DC747EC8578BB6A006D05B4 /* PBXTargetDependency */ = {
			isa = PBXTargetDependency;
			target = 57FA82BD278F9DF7B0F74776 /* SafePlate */;
			targetProxy = F3E5211276F6808EDB7B204D /* PBXContainerItemProxy */;
		};
		44A41E4CE93B53A58BA334F0 /* PBXTargetDependency */ = {
			isa = PBXTargetDependency;
			target = 57FA82BD278F9DF7B0F74776 /* SafePlate */;
			targetProxy = 6BEB65B04740A16ABBB6F8BD /* PBXContainerItemProxy */;
		};
/* End PBXTargetDependency section */

/* Begin XCBuildConfiguration section */
		127435DB323B650EB1CD26E8 /* Release */ = {
			isa = XCBuildConfiguration;
			buildSettings = {
				ALWAYS_SEARCH_USER_PATHS = NO;
				CLANG_ANALYZER_NONNULL = YES;
				CLANG_ANALYZER_NUMBER_OBJECT_CONVERSION = YES_AGGRESSIVE;
				CLANG_CXX_LANGUAGE_STANDARD = "gnu++14";
				CLANG_CXX_LIBRARY = "libc++";
				CLANG_ENABLE_MODULES = YES;
				CLANG_ENABLE_OBJC_ARC = YES;
				CLANG_ENABLE_OBJC_WEAK = YES;
				CLANG_WARN_BLOCK_CAPTURE_AUTORELEASING = YES;
				CLANG_WARN_BOOL_CONVERSION = YES;
				CLANG_WARN_COMMA = YES;
				CLANG_WARN_CONSTANT_CONVERSION = YES;
				CLANG_WARN_DEPRECATED_OBJC_IMPLEMENTATIONS = YES;
				CLANG_WARN_DIRECT_OBJC_ISA_USAGE = YES_ERROR;
				CLANG_WARN_DOCUMENTATION_COMMENTS = YES;
				CLANG_WARN_EMPTY_BODY = YES;
				CLANG_WARN_ENUM_CONVERSION = YES;
				CLANG_WARN_INFINITE_RECURSION = YES;
				CLANG_WARN_INT_CONVERSION = YES;
				CLANG_WARN_NON_LITERAL_NULL_CONVERSION = YES;
				CLANG_WARN_OBJC_IMPLICIT_RETAIN_SELF = YES;
				CLANG_WARN_OBJC_LITERAL_CONVERSION = YES;
				CLANG_WARN_OBJC_ROOT_CLASS = YES_ERROR;
				CLANG_WARN_QUOTED_INCLUDE_IN_FRAMEWORK_HEADER = YES;
				CLANG_WARN_RANGE_LOOP_ANALYSIS = YES;
				CLANG_WARN_STRICT_PROTOTYPES = YES;
				CLANG_WARN_SUSPICIOUS_MOVE = YES;
				CLANG_WARN_UNGUARDED_AVAILABILITY = YES_AGGRESSIVE;
				CLANG_WARN_UNREACHABLE_CODE = YES;
				CLANG_WARN__DUPLICATE_METHOD_MATCH = YES;
				CODE_SIGN_STYLE = Automatic;
				COPY_PHASE_STRIP = NO;
				CURRENT_PROJECT_VERSION = 1;
				DEBUG_INFORMATION_FORMAT = "dwarf-with-dsym";
				DEVELOPMENT_TEAM = 3L66A32827;
				ENABLE_NS_ASSERTIONS = NO;
				ENABLE_STRICT_OBJC_MSGSEND = YES;
				GCC_C_LANGUAGE_STANDARD = gnu11;
				GCC_NO_COMMON_BLOCKS = YES;
				GCC_WARN_64_TO_32_BIT_CONVERSION = YES;
				GCC_WARN_ABOUT_RETURN_TYPE = YES_ERROR;
				GCC_WARN_UNDECLARED_SELECTOR = YES;
				GCC_WARN_UNINITIALIZED_AUTOS = YES_AGGRESSIVE;
				GCC_WARN_UNUSED_FUNCTION = YES;
				GCC_WARN_UNUSED_VARIABLE = YES;
				IPHONEOS_DEPLOYMENT_TARGET = 18.2;
				MARKETING_VERSION = 1.0;
				MTL_ENABLE_DEBUG_INFO = NO;
				MTL_FAST_MATH = YES;
				PRODUCT_NAME = "$(TARGET_NAME)";
				SDKROOT = iphoneos;
				SWIFT_COMPILATION_MODE = wholemodule;
				SWIFT_OPTIMIZATION_LEVEL = "-O";
				SWIFT_VERSION = 5.0;
				TARGETED_DEVICE_FAMILY = "1,2,7";
			};
			name = Release;
		};
		2AC4549644B9978D74CE8FBF /* Release */ = {
			isa = XCBuildConfiguration;
			buildSettings = {
				BUNDLE_LOADER = "$(TEST_HOST)";
				GENERATE_INFOPLIST_FILE = YES;
				LD_RUNPATH_SEARCH_PATHS = (
					"$(inherited)",
					"@executable_path/Frameworks",
					"@loader_path/Frameworks",
				);
				PRODUCT_BUNDLE_IDENTIFIER = com.electrospit.safeplate.uitests;
				SDKROOT = iphoneos;
				TARGETED_DEVICE_FAMILY = "1,2";
				TEST_TARGET_NAME = SafePlate;
			};
			name = Release;
		};
		7298A342EAAFD52181AC097A /* Debug */ = {
			isa = XCBuildConfiguration;
			buildSettings = {
				BUNDLE_LOADER = "$(TEST_HOST)";
				GENERATE_INFOPLIST_FILE = YES;
				LD_RUNPATH_SEARCH_PATHS = (
					"$(inherited)",
					"@executable_path/Frameworks",
					"@loader_path/Frameworks",
				);
				PRODUCT_BUNDLE_IDENTIFIER = com.electrospit.safeplate.uitests;
				SDKROOT = iphoneos;
				TARGETED_DEVICE_FAMILY = "1,2";
				TEST_TARGET_NAME = SafePlate;
			};
			name = Debug;
		};
		8B2066AC7A22E5841DC5AB75 /* Debug */ = {
			isa = XCBuildConfiguration;
			buildSettings = {
				ASSETCATALOG_COMPILER_APPICON_NAME = AppIcon;
				CODE_SIGN_IDENTITY = "iPhone Developer";
				GENERATE_INFOPLIST_FILE = YES;
				INFOPLIST_FILE = "family-recipes/Info.plist";
				INFOPLIST_KEY_CFBundleDisplayName = SafePlate;
				LD_RUNPATH_SEARCH_PATHS = (
					"$(inherited)",
					"@executable_path/Frameworks",
				);
				PRODUCT_BUNDLE_IDENTIFIER = com.electrospit.safeplate;
				SDKROOT = iphoneos;
				TARGETED_DEVICE_FAMILY = "1,2";
			};
			name = Debug;
		};
		928AD09F187446598E8D0D1C /* Release */ = {
			isa = XCBuildConfiguration;
			buildSettings = {
				ASSETCATALOG_COMPILER_APPICON_NAME = AppIcon;
				CODE_SIGN_IDENTITY = "iPhone Developer";
				GENERATE_INFOPLIST_FILE = YES;
				INFOPLIST_FILE = "family-recipes/Info.plist";
				INFOPLIST_KEY_CFBundleDisplayName = SafePlate;
				LD_RUNPATH_SEARCH_PATHS = (
					"$(inherited)",
					"@executable_path/Frameworks",
				);
				PRODUCT_BUNDLE_IDENTIFIER = com.electrospit.safeplate;
				SDKROOT = iphoneos;
				TARGETED_DEVICE_FAMILY = "1,2";
			};
			name = Release;
		};
		B3D97769DA8F3A976AAE50BF /* Debug */ = {
			isa = XCBuildConfiguration;
			buildSettings = {
				ALWAYS_SEARCH_USER_PATHS = NO;
				CLANG_ANALYZER_NONNULL = YES;
				CLANG_ANALYZER_NUMBER_OBJECT_CONVERSION = YES_AGGRESSIVE;
				CLANG_CXX_LANGUAGE_STANDARD = "gnu++14";
				CLANG_CXX_LIBRARY = "libc++";
				CLANG_ENABLE_MODULES = YES;
				CLANG_ENABLE_OBJC_ARC = YES;
				CLANG_ENABLE_OBJC_WEAK = YES;
				CLANG_WARN_BLOCK_CAPTURE_AUTORELEASING = YES;
				CLANG_WARN_BOOL_CONVERSION = YES;
				CLANG_WARN_COMMA = YES;
				CLANG_WARN_CONSTANT_CONVERSION = YES;
				CLANG_WARN_DEPRECATED_OBJC_IMPLEMENTATIONS = YES;
				CLANG_WARN_DIRECT_OBJC_ISA_USAGE = YES_ERROR;
				CLANG_WARN_DOCUMENTATION_COMMENTS = YES;
				CLANG_WARN_EMPTY_BODY = YES;
				CLANG_WARN_ENUM_CONVERSION = YES;
				CLANG_WARN_INFINITE_RECURSION = YES;
				CLANG_WARN_INT_CONVERSION = YES;
				CLANG_WARN_NON_LITERAL_NULL_CONVERSION = YES;
				CLANG_WARN_OBJC_IMPLICIT_RETAIN_SELF = YES;
				CLANG_WARN_OBJC_LITERAL_CONVERSION = YES;
				CLANG_WARN_OBJC_ROOT_CLASS = YES_ERROR;
				CLANG_WARN_QUOTED_INCLUDE_IN_FRAMEWORK_HEADER = YES;
				CLANG_WARN_RANGE_LOOP_ANALYSIS = YES;
				CLANG_WARN_STRICT_PROTOTYPES = YES;
				CLANG_WARN_SUSPICIOUS_MOVE = YES;
				CLANG_WARN_UNGUARDED_AVAILABILITY = YES_AGGRESSIVE;
				CLANG_WARN_UNREACHABLE_CODE = YES;
				CLANG_WARN__DUPLICATE_METHOD_MATCH = YES;
				CODE_SIGN_STYLE = Automatic;
				COPY_PHASE_STRIP = NO;
				CURRENT_PROJECT_VERSION = 1;
				DEBUG_INFORMATION_FORMAT = dwarf;
				DEVELOPMENT_TEAM = 3L66A32827;
				ENABLE_STRICT_OBJC_MSGSEND = YES;
				ENABLE_TESTABILITY = YES;
				GCC_C_LANGUAGE_STANDARD = gnu11;
				GCC_DYNAMIC_NO_PIC = NO;
				GCC_NO_COMMON_BLOCKS = YES;
				GCC_OPTIMIZATION_LEVEL = 0;
				GCC_PREPROCESSOR_DEFINITIONS = (
					"$(inherited)",
					"DEBUG=1",
				);
				GCC_WARN_64_TO_32_BIT_CONVERSION = YES;
				GCC_WARN_ABOUT_RETURN_TYPE = YES_ERROR;
				GCC_WARN_UNDECLARED_SELECTOR = YES;
				GCC_WARN_UNINITIALIZED_AUTOS = YES_AGGRESSIVE;
				GCC_WARN_UNUSED_FUNCTION = YES;
				GCC_WARN_UNUSED_VARIABLE = YES;
				IPHONEOS_DEPLOYMENT_TARGET = 18.2;
				MARKETING_VERSION = 1.0;
				MTL_ENABLE_DEBUG_INFO = INCLUDE_SOURCE;
				MTL_FAST_MATH = YES;
				ONLY_ACTIVE_ARCH = YES;
				PRODUCT_NAME = "$(TARGET_NAME)";
				SDKROOT = iphoneos;
				SWIFT_ACTIVE_COMPILATION_CONDITIONS = DEBUG;
				SWIFT_OPTIMIZATION_LEVEL = "-Onone";
				SWIFT_VERSION = 5.0;
				TARGETED_DEVICE_FAMILY = "1,2,7";
			};
			name = Debug;
		};
		BADD8222EE98C5C513DEC33C /* Debug */ = {
			isa = XCBuildConfiguration;
			buildSettings = {
				BUNDLE_LOADER = "$(TEST_HOST)";
				GENERATE_INFOPLIST_FILE = YES;
				LD_RUNPATH_SEARCH_PATHS = (
					"$(inherited)",
					"@executable_path/Frameworks",
					"@loader_path/Frameworks",
				);
				PRODUCT_BUNDLE_IDENTIFIER = com.electrospit.safeplate.tests;
				SDKROOT = iphoneos;
				TARGETED_DEVICE_FAMILY = "1,2";
				TEST_HOST = "$(BUILT_PRODUCTS_DIR)/SafePlate.app/SafePlate";
			};
			name = Debug;
		};
		EA55A388EA9340764AF08D33 /* Release */ = {
			isa = XCBuildConfiguration;
			buildSettings = {
				BUNDLE_LOADER = "$(TEST_HOST)";
				GENERATE_INFOPLIST_FILE = YES;
				LD_RUNPATH_SEARCH_PATHS = (
					"$(inherited)",
					"@executable_path/Frameworks",
					"@loader_path/Frameworks",
				);
				PRODUCT_BUNDLE_IDENTIFIER = com.electrospit.safeplate.tests;
				SDKROOT = iphoneos;
				TARGETED_DEVICE_FAMILY = "1,2";
				TEST_HOST = "$(BUILT_PRODUCTS_DIR)/SafePlate.app/SafePlate";
			};
			name = Release;
		};
/* End XCBuildConfiguration section */

/* Begin XCConfigurationList section */
		1C4F9ADCD6554497A4368198 /* Build configuration list for PBXNativeTarget "SafePlate" */ = {
			isa = XCConfigurationList;
			buildConfigurations = (
				8B2066AC7A22E5841DC5AB75 /* Debug */,
				928AD09F187446598E8D0D1C /* Release */,
			);
			defaultConfigurationIsVisible = 0;
			defaultConfigurationName = Debug;
		};
		2A49AAE2E280994A93AF8AEE /* Build configuration list for PBXNativeTarget "SafePlateUITests" */ = {
			isa = XCConfigurationList;
			buildConfigurations = (
				7298A342EAAFD52181AC097A /* Debug */,
				2AC4549644B9978D74CE8FBF /* Release */,
			);
			defaultConfigurationIsVisible = 0;
			defaultConfigurationName = Debug;
		};
		2AA17EDCEA8C5EF76D90474A /* Build configuration list for PBXProject "SafePlate" */ = {
			isa = XCConfigurationList;
			buildConfigurations = (
				B3D97769DA8F3A976AAE50BF /* Debug */,
				127435DB323B650EB1CD26E8 /* Release */,
			);
			defaultConfigurationIsVisible = 0;
			defaultConfigurationName = Debug;
		};
		C0E683B73661B490A1D88D3B /* Build configuration list for PBXNativeTarget "SafePlateTests" */ = {
			isa = XCConfigurationList;
			buildConfigurations = (
				BADD8222EE98C5C513DEC33C /* Debug */,
				EA55A388EA9340764AF08D33 /* Release */,
			);
			defaultConfigurationIsVisible = 0;
			defaultConfigurationName = Debug;
		};
/* End XCConfigurationList section */
	};
	rootObject = E4591C36F878CF02A0C8134E /* Project object */;
}
